
Microsoft Visual Studio Solution File, Format Version 11.00
# Visual Studio 2010
Project("{FAE04EC0-301F-11D3-BF4B-00C04F79EFBC}") = "MVC-with-requirejs", "MVC-with-requirejs\MVC-with-requirejs.csproj", "{8B329134-036F-49FD-AF99-C80DB575578A}"
EndProject
Project("{FAE04EC0-301F-11D3-BF4B-00C04F79EFBC}") = "MVC-with-requirejs.Tests", "MVC-with-requirejs.Tests\MVC-with-requirejs.Tests.csproj", "{D5EF010E-3797-4AF6-8CC4-60551F6111AD}"
EndProject
Global
	GlobalSection(SolutionConfigurationPlatforms) = preSolution
		Debug|Any CPU = Debug|Any CPU
		Release|Any CPU = Release|Any CPU
	EndGlobalSection
	GlobalSection(ProjectConfigurationPlatforms) = postSolution
		{8B329134-036F-49FD-AF99-C80DB575578A}.Debug|Any CPU.ActiveCfg = Debug|Any CPU
		{8B329134-036F-49FD-AF99-C80DB575578A}.Debug|Any CPU.Build.0 = Debug|Any CPU
		{8B329134-036F-49FD-AF99-C80DB575578A}.Release|Any CPU.ActiveCfg = Release|Any CPU
		{8B329134-036F-49FD-AF99-C80DB575578A}.Release|Any CPU.Build.0 = Release|Any CPU
		{D5EF010E-3797-4AF6-8CC4-60551F6111AD}.Debug|Any CPU.ActiveCfg = Debug|Any CPU
		{D5EF010E-3797-4AF6-8CC4-60551F6111AD}.Debug|Any CPU.Build.0 = Debug|Any CPU
		{D5EF010E-3797-4AF6-8CC4-60551F6111AD}.Release|Any CPU.ActiveCfg = Release|Any CPU
		{D5EF010E-3797-4AF6-8CC4-60551F6111AD}.Release|Any CPU.Build.0 = Release|Any CPU
	EndGlobalSection
	GlobalSection(SolutionProperties) = preSolution
		HideSolutionNode = FALSE
	EndGlobalSection
EndGlobal
